
Microsoft Visual Studio Solution File, Format Version 12.00
# Visual Studio Version 17
VisualStudioVersion = 17.8.34322.80
MinimumVisualStudioVersion = 10.0.40219.1
Project("{8BC9CEB8-8B4A-11D0-8D11-00A0C91BC942}") = "Module8-1", "Module8-1.vcxproj", "{7731CDD6-A91A-4B66-8BB2-9659085029EC}"
EndProject
Global
	GlobalSection(SolutionConfigurationPlatforms) = preSolution
		Debug|x64 = Debug|x64
		Debug|x86 = Debug|x86
		Release|x64 = Release|x64
		Release|x86 = Release|x86
	EndGlobalSection
	GlobalSection(ProjectConfigurationPlatforms) = postSolution
		{7731CDD6-A91A-4B66-8BB2-9659085029EC}.Debug|x64.ActiveCfg = Debug|x64
		{7731CDD6-A91A-4B66-8BB2-9659085029EC}.Debug|x64.Build.0 = Debug|x64
		{7731CDD6-A91A-4B66-8BB2-9659085029EC}.Debug|x86.ActiveCfg = Debug|Win32
		{7731CDD6-A91A-4B66-8BB2-9659085029EC}.Debug|x86.Build.0 = Debug|Win32
		{7731CDD6-A91A-4B66-8BB2-9659085029EC}.Release|x64.ActiveCfg = Release|x64
		{7731CDD6-A91A-4B66-8BB2-9659085029EC}.Release|x64.Build.0 = Release|x64
		{7731CDD6-A91A-4B66-8BB2-9659085029EC}.Release|x86.ActiveCfg = Release|Win32
		{7731CDD6-A91A-4B66-8BB2-9659085029EC}.Release|x86.Build.0 = Release|Win32
	EndGlobalSection
	GlobalSection(SolutionProperties) = preSolution
		HideSolutionNode = FALSE
	EndGlobalSection
	GlobalSection(ExtensibilityGlobals) = postSolution
		SolutionGuid = {22BB482F-D53C-464D-8ADB-22BD1CC0217B}
	EndGlobalSection
EndGlobal
